
Microsoft Visual Studio Solution File, Format Version 12.00
# Visual Studio 15
VisualStudioVersion = 15.0.28307.539
MinimumVisualStudioVersion = 10.0.40219.1
Project("{FAE04EC0-301F-11D3-BF4B-00C04F79EFBC}") = "WebApi", "WebApi\WebApi.csproj", "{AA0B06E9-269D-4365-AEBE-675F009AC0CB}"
EndProject
Global
	GlobalSection(SolutionConfigurationPlatforms) = preSolution
		Debug|Any CPU = Debug|Any CPU
		Release|Any CPU = Release|Any CPU
	EndGlobalSection
	GlobalSection(ProjectConfigurationPlatforms) = postSolution
		{AA0B06E9-269D-4365-AEBE-675F009AC0CB}.Debug|Any CPU.ActiveCfg = Debug|Any CPU
		{AA0B06E9-269D-4365-AEBE-675F009AC0CB}.Debug|Any CPU.Build.0 = Debug|Any CPU
		{AA0B06E9-269D-4365-AEBE-675F009AC0CB}.Release|Any CPU.ActiveCfg = Release|Any CPU
		{AA0B06E9-269D-4365-AEBE-675F009AC0CB}.Release|Any CPU.Build.0 = Release|Any CPU
	EndGlobalSection
	GlobalSection(SolutionProperties) = preSolution
		HideSolutionNode = FALSE
	EndGlobalSection
	GlobalSection(ExtensibilityGlobals) = postSolution
		SolutionGuid = {55EBB14C-3AE0-4E2B-B2E0-65A94C5699FC}
	EndGlobalSection
EndGlobal
